
Microsoft Visual Studio Solution File, Format Version 12.00
# Visual Studio Version 16
VisualStudioVersion = 16.0.30413.136
MinimumVisualStudioVersion = 10.0.40219.1
Project("{FAE04EC0-301F-11D3-BF4B-00C04F79EFBC}") = "Fillwords_WPF", "Fillwords_WPF.csproj", "{BE0B438D-6C43-4E53-962D-262BEE3881CF}"
EndProject
Project("{9A19103F-16F7-4668-BE54-9A1E7A4F7556}") = "FillWords_Console", "..\FillWords_Console\FillWords_Console.csproj", "{3842C349-F987-4A05-80AF-FAE0C8325877}"
EndProject
Project("{FAE04EC0-301F-11D3-BF4B-00C04F79EFBC}") = "fillwords.UnitTest", "..\fillwords.UnitTest\fillwords.UnitTest.csproj", "{F2A26D56-2F06-4C60-B0AE-9177B2B1AF79}"
EndProject
Global
	GlobalSection(SolutionConfigurationPlatforms) = preSolution
		Debug|Any CPU = Debug|Any CPU
		Release|Any CPU = Release|Any CPU
	EndGlobalSection
	GlobalSection(ProjectConfigurationPlatforms) = postSolution
		{BE0B438D-6C43-4E53-962D-262BEE3881CF}.Debug|Any CPU.ActiveCfg = Debug|Any CPU
		{BE0B438D-6C43-4E53-962D-262BEE3881CF}.Debug|Any CPU.Build.0 = Debug|Any CPU
		{BE0B438D-6C43-4E53-962D-262BEE3881CF}.Release|Any CPU.ActiveCfg = Release|Any CPU
		{BE0B438D-6C43-4E53-962D-262BEE3881CF}.Release|Any CPU.Build.0 = Release|Any CPU
		{3842C349-F987-4A05-80AF-FAE0C8325877}.Debug|Any CPU.ActiveCfg = Debug|Any CPU
		{3842C349-F987-4A05-80AF-FAE0C8325877}.Debug|Any CPU.Build.0 = Debug|Any CPU
		{3842C349-F987-4A05-80AF-FAE0C8325877}.Release|Any CPU.ActiveCfg = Release|Any CPU
		{3842C349-F987-4A05-80AF-FAE0C8325877}.Release|Any CPU.Build.0 = Release|Any CPU
		{F2A26D56-2F06-4C60-B0AE-9177B2B1AF79}.Debug|Any CPU.ActiveCfg = Debug|Any CPU
		{F2A26D56-2F06-4C60-B0AE-9177B2B1AF79}.Debug|Any CPU.Build.0 = Debug|Any CPU
		{F2A26D56-2F06-4C60-B0AE-9177B2B1AF79}.Release|Any CPU.ActiveCfg = Release|Any CPU
		{F2A26D56-2F06-4C60-B0AE-9177B2B1AF79}.Release|Any CPU.Build.0 = Release|Any CPU
	EndGlobalSection
	GlobalSection(SolutionProperties) = preSolution
		HideSolutionNode = FALSE
	EndGlobalSection
	GlobalSection(ExtensibilityGlobals) = postSolution
		SolutionGuid = {D8D2BA18-3CB6-46D9-A829-5AEC7DE8B914}
	EndGlobalSection
EndGlobal
